
Microsoft Visual Studio Solution File, Format Version 12.00
# Visual Studio 15
VisualStudioVersion = 15.0.28010.2026
MinimumVisualStudioVersion = 10.0.40219.1
Project("{FAE04EC0-301F-11D3-BF4B-00C04F79EFBC}") = "WindowsFormsApp4", "WindowsFormsApp4\WindowsFormsApp4.csproj", "{A1CB6828-E01B-4665-B55A-82C388F5D53E}"
EndProject
Global
	GlobalSection(SolutionConfigurationPlatforms) = preSolution
		Debug|Any CPU = Debug|Any CPU
		Release|Any CPU = Release|Any CPU
	EndGlobalSection
	GlobalSection(ProjectConfigurationPlatforms) = postSolution
		{A1CB6828-E01B-4665-B55A-82C388F5D53E}.Debug|Any CPU.ActiveCfg = Debug|Any CPU
		{A1CB6828-E01B-4665-B55A-82C388F5D53E}.Debug|Any CPU.Build.0 = Debug|Any CPU
		{A1CB6828-E01B-4665-B55A-82C388F5D53E}.Release|Any CPU.ActiveCfg = Release|Any CPU
		{A1CB6828-E01B-4665-B55A-82C388F5D53E}.Release|Any CPU.Build.0 = Release|Any CPU
	EndGlobalSection
	GlobalSection(SolutionProperties) = preSolution
		HideSolutionNode = FALSE
	EndGlobalSection
	GlobalSection(ExtensibilityGlobals) = postSolution
		SolutionGuid = {9957F368-5753-45A6-9D76-C29BBF105E66}
	EndGlobalSection
EndGlobal
